
Microsoft Visual Studio Solution File, Format Version 12.00
# Visual Studio Version 17
VisualStudioVersion = 17.7.34302.85
MinimumVisualStudioVersion = 10.0.40219.1
Project("{FAE04EC0-301F-11D3-BF4B-00C04F79EFBC}") = "Eos.Smev3.XsdParserApp", "Eos.Smev3.XsdParserApp\Eos.Smev3.XsdParserApp.csproj", "{8355ED04-703B-4E06-AAE6-2A308FC50A57}"
EndProject
Global
	GlobalSection(SolutionConfigurationPlatforms) = preSolution
		Debug|Any CPU = Debug|Any CPU
		Release|Any CPU = Release|Any CPU
	EndGlobalSection
	GlobalSection(ProjectConfigurationPlatforms) = postSolution
		{8355ED04-703B-4E06-AAE6-2A308FC50A57}.Debug|Any CPU.ActiveCfg = Debug|Any CPU
		{8355ED04-703B-4E06-AAE6-2A308FC50A57}.Debug|Any CPU.Build.0 = Debug|Any CPU
		{8355ED04-703B-4E06-AAE6-2A308FC50A57}.Release|Any CPU.ActiveCfg = Release|Any CPU
		{8355ED04-703B-4E06-AAE6-2A308FC50A57}.Release|Any CPU.Build.0 = Release|Any CPU
	EndGlobalSection
	GlobalSection(SolutionProperties) = preSolution
		HideSolutionNode = FALSE
	EndGlobalSection
	GlobalSection(ExtensibilityGlobals) = postSolution
		SolutionGuid = {881C943A-E612-488D-8C4E-AB041DEA452D}
	EndGlobalSection
EndGlobal
